// !$*UTF8*$!
{
	archiveVersion = 1;
	classes = {
	};
	objectVersion = 50;
	objects = {

/* Begin PBXBuildFile section */
		7BF9E8A72314A6A400F441E7 /* AppDelegate.swift in Sources */ = {isa = PBXBuildFile; fileRef = 7BF9E8A62314A6A400F441E7 /* AppDelegate.swift */; };
		7BF9E8A92314A6A400F441E7 /* MapViewController.swift in Sources */ = {isa = PBXBuildFile; fileRef = 7BF9E8A82314A6A400F441E7 /* MapViewController.swift */; };
		7BF9E8AC2314A6A400F441E7 /* Map.storyboard in Resources */ = {isa = PBXBuildFile; fileRef = 7BF9E8AA2314A6A400F441E7 /* Map.storyboard */; };
		7BF9E8AE2314A6A600F441E7 /* Assets.xcassets in Resources */ = {isa = PBXBuildFile; fileRef = 7BF9E8AD2314A6A600F441E7 /* Assets.xcassets */; };
		7BF9E8B12314A6A600F441E7 /* LaunchScreen.storyboard in Resources */ = {isa = PBXBuildFile; fileRef = 7BF9E8AF2314A6A600F441E7 /* LaunchScreen.storyboard */; };
		F7AEF14D9E2A798914E96281 /* Pods_MiAguilaPrueba.framework in Frameworks */ = {isa = PBXBuildFile; fileRef = 969082BE621F65701E6C9FA9 /* Pods_MiAguilaPrueba.framework */; };
/* End PBXBuildFile section */

/* Begin PBXFileReference section */
		750F56903C43BD6063A76899 /* Pods-MiAguilaPrueba.release.xcconfig */ = {isa = PBXFileReference; includeInIndex = 1; lastKnownFileType = text.xcconfig; name = "Pods-MiAguilaPrueba.release.xcconfig"; path = "Target Support Files/Pods-MiAguilaPrueba/Pods-MiAguilaPrueba.release.xcconfig"; sourceTree = "<group>"; };
		7BF9E8A32314A6A400F441E7 /* MiAguilaPrueba.app */ = {isa = PBXFileReference; explicitFileType = wrapper.application; includeInIndex = 0; path = MiAguilaPrueba.app; sourceTree = BUILT_PRODUCTS_DIR; };
		7BF9E8A62314A6A400F441E7 /* AppDelegate.swift */ = {isa = PBXFileReference; lastKnownFileType = sourcecode.swift; path = AppDelegate.swift; sourceTree = "<group>"; };
		7BF9E8A82314A6A400F441E7 /* MapViewController.swift */ = {isa = PBXFileReference; lastKnownFileType = sourcecode.swift; path = MapViewController.swift; sourceTree = "<group>"; };
		7BF9E8AB2314A6A400F441E7 /* Base */ = {isa = PBXFileReference; lastKnownFileType = file.storyboard; name = Base; path = Base.lproj/Map.storyboard; sourceTree = "<group>"; };
		7BF9E8AD2314A6A600F441E7 /* Assets.xcassets */ = {isa = PBXFileReference; lastKnownFileType = folder.assetcatalog; path = Assets.xcassets; sourceTree = "<group>"; };
		7BF9E8B02314A6A600F441E7 /* Base */ = {isa = PBXFileReference; lastKnownFileType = file.storyboard; name = Base; path = Base.lproj/LaunchScreen.storyboard; sourceTree = "<group>"; };
		7BF9E8B22314A6A600F441E7 /* Info.plist */ = {isa = PBXFileReference; lastKnownFileType = text.plist.xml; path = Info.plist; sourceTree = "<group>"; };
		969082BE621F65701E6C9FA9 /* Pods_MiAguilaPrueba.framework */ = {isa = PBXFileReference; explicitFileType = wrapper.framework; includeInIndex = 0; path = Pods_MiAguilaPrueba.framework; sourceTree = BUILT_PRODUCTS_DIR; };
		FD293FD2EEC910AF0CC1ACCB /* Pods-MiAguilaPrueba.debug.xcconfig */ = {isa = PBXFileReference; includeInIndex = 1; lastKnownFileType = text.xcconfig; name = "Pods-MiAguilaPrueba.debug.xcconfig"; path = "Target Support Files/Pods-MiAguilaPrueba/Pods-MiAguilaPrueba.debug.xcconfig"; sourceTree = "<group>"; };
/* End PBXFileReference section */

/* Begin PBXFrameworksBuildPhase section */
		7BF9E8A02314A6A400F441E7 /* Frameworks */ = {
			isa = PBXFrameworksBuildPhase;
			buildActionMask = 2147483647;
			files = (
				F7AEF14D9E2A798914E96281 /* Pods_MiAguilaPrueba.framework in Frameworks */,
			);
			runOnlyForDeploymentPostprocessing = 0;
		};
/* End PBXFrameworksBuildPhase section */

/* Begin PBXGroup section */
		39BEDB025DA41F2B0EFAA35F /* Frameworks */ = {
			isa = PBXGroup;
			children = (
				969082BE621F65701E6C9FA9 /* Pods_MiAguilaPrueba.framework */,
			);
			name = Frameworks;
			sourceTree = "<group>";
		};
		7BF9E89A2314A6A400F441E7 = {
			isa = PBXGroup;
			children = (
				7BF9E8A52314A6A400F441E7 /* MiAguilaPrueba */,
				7BF9E8A42314A6A400F441E7 /* Products */,
				FC8D0B431F9B59B4853D64D3 /* Pods */,
				39BEDB025DA41F2B0EFAA35F /* Frameworks */,
			);
			sourceTree = "<group>";
		};
		7BF9E8A42314A6A400F441E7 /* Products */ = {
			isa = PBXGroup;
			children = (
				7BF9E8A32314A6A400F441E7 /* MiAguilaPrueba.app */,
			);
			name = Products;
			sourceTree = "<group>";
		};
		7BF9E8A52314A6A400F441E7 /* MiAguilaPrueba */ = {
			isa = PBXGroup;
			children = (
				7BF9E8B82314AA3200F441E7 /* View */,
				7BF9E8A62314A6A400F441E7 /* AppDelegate.swift */,
				7BF9E8AD2314A6A600F441E7 /* Assets.xcassets */,
				7BF9E8AF2314A6A600F441E7 /* LaunchScreen.storyboard */,
				7BF9E8B22314A6A600F441E7 /* Info.plist */,
			);
			path = MiAguilaPrueba;
			sourceTree = "<group>";
		};
		7BF9E8B82314AA3200F441E7 /* View */ = {
			isa = PBXGroup;
			children = (
				7BF9E8AA2314A6A400F441E7 /* Map.storyboard */,
				7BF9E8A82314A6A400F441E7 /* MapViewController.swift */,
			);
			path = View;
			sourceTree = "<group>";
		};
		FC8D0B431F9B59B4853D64D3 /* Pods */ = {
			isa = PBXGroup;
			children = (
				FD293FD2EEC910AF0CC1ACCB /* Pods-MiAguilaPrueba.debug.xcconfig */,
				750F56903C43BD6063A76899 /* Pods-MiAguilaPrueba.release.xcconfig */,
			);
			name = Pods;
			path = Pods;
			sourceTree = "<group>";
		};
/* End PBXGroup section */

/* Begin PBXNativeTarget section */
		7BF9E8A22314A6A400F441E7 /* MiAguilaPrueba */ = {
			isa = PBXNativeTarget;
			buildConfigurationList = 7BF9E8B52314A6A600F441E7 /* Build configuration list for PBXNativeTarget "MiAguilaPrueba" */;
			buildPhases = (
				F793DAA294CFAD3595307E1B /* [CP] Check Pods Manifest.lock */,
				7BF9E89F2314A6A400F441E7 /* Sources */,
				7BF9E8A02314A6A400F441E7 /* Frameworks */,
				7BF9E8A12314A6A400F441E7 /* Resources */,
				518AC52B38D917520986086E /* [CP] Copy Pods Resources */,
			);
			buildRules = (
			);
			dependencies = (
			);
			name = MiAguilaPrueba;
			productName = MiAguilaPrueba;
			productReference = 7BF9E8A32314A6A400F441E7 /* MiAguilaPrueba.app */;
			productType = "com.apple.product-type.application";
		};
/* End PBXNativeTarget section */

/* Begin PBXProject section */
		7BF9E89B2314A6A400F441E7 /* Project object */ = {
			isa = PBXProject;
			attributes = {
				LastSwiftUpdateCheck = 1030;
				LastUpgradeCheck = 1030;
				ORGANIZATIONNAME = "Juan David Parra Pimiento";
				TargetAttributes = {
					7BF9E8A22314A6A400F441E7 = {
						CreatedOnToolsVersion = 10.3;
					};
				};
			};
			buildConfigurationList = 7BF9E89E2314A6A400F441E7 /* Build configuration list for PBXProject "MiAguilaPrueba" */;
			compatibilityVersion = "Xcode 9.3";
			developmentRegion = en;
			hasScannedForEncodings = 0;
			knownRegions = (
				en,
				Base,
			);
			mainGroup = 7BF9E89A2314A6A400F441E7;
			productRefGroup = 7BF9E8A42314A6A400F441E7 /* Products */;
			projectDirPath = "";
			projectRoot = "";
			targets = (
				7BF9E8A22314A6A400F441E7 /* MiAguilaPrueba */,
			);
		};
/* End PBXProject section */

/* Begin PBXResourcesBuildPhase section */
		7BF9E8A12314A6A400F441E7 /* Resources */ = {
			isa = PBXResourcesBuildPhase;
			buildActionMask = 2147483647;
			files = (
				7BF9E8B12314A6A600F441E7 /* LaunchScreen.storyboard in Resources */,
				7BF9E8AE2314A6A600F441E7 /* Assets.xcassets in Resources */,
				7BF9E8AC2314A6A400F441E7 /* Map.storyboard in Resources */,
			);
			runOnlyForDeploymentPostprocessing = 0;
		};
/* End PBXResourcesBuildPhase section */

/* Begin PBXShellScriptBuildPhase section */
		518AC52B38D917520986086E /* [CP] Copy Pods Resources */ = {
			isa = PBXShellScriptBuildPhase;
			buildActionMask = 2147483647;
			files = (
			);
			inputFileListPaths = (
				"${PODS_ROOT}/Target Support Files/Pods-MiAguilaPrueba/Pods-MiAguilaPrueba-resources-${CONFIGURATION}-input-files.xcfilelist",
			);
			name = "[CP] Copy Pods Resources";
			outputFileListPaths = (
				"${PODS_ROOT}/Target Support Files/Pods-MiAguilaPrueba/Pods-MiAguilaPrueba-resources-${CONFIGURATION}-output-files.xcfilelist",
			);
			runOnlyForDeploymentPostprocessing = 0;
			shellPath = /bin/sh;
			shellScript = "\"${PODS_ROOT}/Target Support Files/Pods-MiAguilaPrueba/Pods-MiAguilaPrueba-resources.sh\"\n";
			showEnvVarsInLog = 0;
		};
		F793DAA294CFAD3595307E1B /* [CP] Check Pods Manifest.lock */ = {
			isa = PBXShellScriptBuildPhase;
			buildActionMask = 2147483647;
			files = (
			);
			inputFileListPaths = (
			);
			inputPaths = (
				"${PODS_PODFILE_DIR_PATH}/Podfile.lock",
				"${PODS_ROOT}/Manifest.lock",
			);
			name = "[CP] Check Pods Manifest.lock";
			outputFileListPaths = (
			);
			outputPaths = (
				"$(DERIVED_FILE_DIR)/Pods-MiAguilaPrueba-checkManifestLockResult.txt",
			);
			runOnlyForDeploymentPostprocessing = 0;
			shellPath = /bin/sh;
			shellScript = "diff \"${PODS_PODFILE_DIR_PATH}/Podfile.lock\" \"${PODS_ROOT}/Manifest.lock\" > /dev/null\nif [ $? != 0 ] ; then\n    # print error to STDERR\n    echo \"error: The sandbox is not in sync with the Podfile.lock. Run 'pod install' or update your CocoaPods installation.\" >&2\n    exit 1\nfi\n# This output is used by Xcode 'outputs' to avoid re-running this script phase.\necho \"SUCCESS\" > \"${SCRIPT_OUTPUT_FILE_0}\"\n";
			showEnvVarsInLog = 0;
		};
/* End PBXShellScriptBuildPhase section */

/* Begin PBXSourcesBuildPhase section */
		7BF9E89F2314A6A400F441E7 /* Sources */ = {
			isa = PBXSourcesBuildPhase;
			buildActionMask = 2147483647;
			files = (
				7BF9E8A92314A6A400F441E7 /* MapViewController.swift in Sources */,
				7BF9E8A72314A6A400F441E7 /* AppDelegate.swift in Sources */,
			);
			runOnlyForDeploymentPostprocessing = 0;
		};
/* End PBXSourcesBuildPhase section */

/* Begin PBXVariantGroup section */
		7BF9E8AA2314A6A400F441E7 /* Map.storyboard */ = {
			isa = PBXVariantGroup;
			children = (
				7BF9E8AB2314A6A400F441E7 /* Base */,
			);
			name = Map.storyboard;
			sourceTree = "<group>";
		};
		7BF9E8AF2314A6A600F441E7 /* LaunchScreen.storyboard */ = {
			isa = PBXVariantGroup;
			children = (
				7BF9E8B02314A6A600F441E7 /* Base */,
			);
			name = LaunchScreen.storyboard;
			sourceTree = "<group>";
		};
/* End PBXVariantGroup section */

/* Begin XCBuildConfiguration section */
		7BF9E8B32314A6A600F441E7 /* Debug */ = {
			isa = XCBuildConfiguration;
			buildSettings = {
				ALWAYS_SEARCH_USER_PATHS = NO;
				CLANG_ANALYZER_NONNULL = YES;
				CLANG_ANALYZER_NUMBER_OBJECT_CONVERSION = YES_AGGRESSIVE;
				CLANG_CXX_LANGUAGE_STANDARD = "gnu++14";
				CLANG_CXX_LIBRARY = "libc++";
				CLANG_ENABLE_MODULES = YES;
				CLANG_ENABLE_OBJC_ARC = YES;
				CLANG_ENABLE_OBJC_WEAK = YES;
				CLANG_WARN_BLOCK_CAPTURE_AUTORELEASING = YES;
				CLANG_WARN_BOOL_CONVERSION = YES;
				CLANG_WARN_COMMA = YES;
				CLANG_WARN_CONSTANT_CONVERSION = YES;
				CLANG_WARN_DEPRECATED_OBJC_IMPLEMENTATIONS = YES;
				CLANG_WARN_DIRECT_OBJC_ISA_USAGE = YES_ERROR;
				CLANG_WARN_DOCUMENTATION_COMMENTS = YES;
				CLANG_WARN_EMPTY_BODY = YES;
				CLANG_WARN_ENUM_CONVERSION = YES;
				CLANG_WARN_INFINITE_RECURSION = YES;
				CLANG_WARN_INT_CONVERSION = YES;
				CLANG_WARN_NON_LITERAL_NULL_CONVERSION = YES;
				CLANG_WARN_OBJC_IMPLICIT_RETAIN_SELF = YES;
				CLANG_WARN_OBJC_LITERAL_CONVERSION = YES;
				CLANG_WARN_OBJC_ROOT_CLASS = YES_ERROR;
				CLANG_WARN_RANGE_LOOP_ANALYSIS = YES;
				CLANG_WARN_STRICT_PROTOTYPES = YES;
				CLANG_WARN_SUSPICIOUS_MOVE = YES;
				CLANG_WARN_UNGUARDED_AVAILABILITY = YES_AGGRESSIVE;
				CLANG_WARN_UNREACHABLE_CODE = YES;
				CLANG_WARN__DUPLICATE_METHOD_MATCH = YES;
				CODE_SIGN_IDENTITY = "iPhone Developer";
				COPY_PHASE_STRIP = NO;
				DEBUG_INFORMATION_FORMAT = dwarf;
				ENABLE_STRICT_OBJC_MSGSEND = YES;
				ENABLE_TESTABILITY = YES;
				GCC_C_LANGUAGE_STANDARD = gnu11;
				GCC_DYNAMIC_NO_PIC = NO;
				GCC_NO_COMMON_BLOCKS = YES;
				GCC_OPTIMIZATION_LEVEL = 0;
				GCC_PREPROCESSOR_DEFINITIONS = (
					"DEBUG=1",
					"$(inherited)",
				);
				GCC_WARN_64_TO_32_BIT_CONVERSION = YES;
				GCC_WARN_ABOUT_RETURN_TYPE = YES_ERROR;
				GCC_WARN_UNDECLARED_SELECTOR = YES;
				GCC_WARN_UNINITIALIZED_AUTOS = YES_AGGRESSIVE;
				GCC_WARN_UNUSED_FUNCTION = YES;
				GCC_WARN_UNUSED_VARIABLE = YES;
				IPHONEOS_DEPLOYMENT_TARGET = 12.4;
				MTL_ENABLE_DEBUG_INFO = INCLUDE_SOURCE;
				MTL_FAST_MATH = YES;
				ONLY_ACTIVE_ARCH = YES;
				SDKROOT = iphoneos;
				SWIFT_ACTIVE_COMPILATION_CONDITIONS = DEBUG;
				SWIFT_OPTIMIZATION_LEVEL = "-Onone";
			};
			name = Debug;
		};
		7BF9E8B42314A6A600F441E7 /* Release */ = {
			isa = XCBuildConfiguration;
			buildSettings = {
				ALWAYS_SEARCH_USER_PATHS = NO;
				CLANG_ANALYZER_NONNULL = YES;
				CLANG_ANALYZER_NUMBER_OBJECT_CONVERSION = YES_AGGRESSIVE;
				CLANG_CXX_LANGUAGE_STANDARD = "gnu++14";
				CLANG_CXX_LIBRARY = "libc++";
				CLANG_ENABLE_MODULES = YES;
				CLANG_ENABLE_OBJC_ARC = YES;
				CLANG_ENABLE_OBJC_WEAK = YES;
				CLANG_WARN_BLOCK_CAPTURE_AUTORELEASING = YES;
				CLANG_WARN_BOOL_CONVERSION = YES;
				CLANG_WARN_COMMA = YES;
				CLANG_WARN_CONSTANT_CONVERSION = YES;
				CLANG_WARN_DEPRECATED_OBJC_IMPLEMENTATIONS = YES;
				CLANG_WARN_DIRECT_OBJC_ISA_USAGE = YES_ERROR;
				CLANG_WARN_DOCUMENTATION_COMMENTS = YES;
				CLANG_WARN_EMPTY_BODY = YES;
				CLANG_WARN_ENUM_CONVERSION = YES;
				CLANG_WARN_INFINITE_RECURSION = YES;
				CLANG_WARN_INT_CONVERSION = YES;
				CLANG_WARN_NON_LITERAL_NULL_CONVERSION = YES;
				CLANG_WARN_OBJC_IMPLICIT_RETAIN_SELF = YES;
				CLANG_WARN_OBJC_LITERAL_CONVERSION = YES;
				CLANG_WARN_OBJC_ROOT_CLASS = YES_ERROR;
				CLANG_WARN_RANGE_LOOP_ANALYSIS = YES;
				CLANG_WARN_STRICT_PROTOTYPES = YES;
				CLANG_WARN_SUSPICIOUS_MOVE = YES;
				CLANG_WARN_UNGUARDED_AVAILABILITY = YES_AGGRESSIVE;
				CLANG_WARN_UNREACHABLE_CODE = YES;
				CLANG_WARN__DUPLICATE_METHOD_MATCH = YES;
				CODE_SIGN_IDENTITY = "iPhone Developer";
				COPY_PHASE_STRIP = NO;
				DEBUG_INFORMATION_FORMAT = "dwarf-with-dsym";
				ENABLE_NS_ASSERTIONS = NO;
				ENABLE_STRICT_OBJC_MSGSEND = YES;
				GCC_C_LANGUAGE_STANDARD = gnu11;
				GCC_NO_COMMON_BLOCKS = YES;
				GCC_WARN_64_TO_32_BIT_CONVERSION = YES;
				GCC_WARN_ABOUT_RETURN_TYPE = YES_ERROR;
				GCC_WARN_UNDECLARED_SELECTOR = YES;
				GCC_WARN_UNINITIALIZED_AUTOS = YES_AGGRESSIVE;
				GCC_WARN_UNUSED_FUNCTION = YES;
				GCC_WARN_UNUSED_VARIABLE = YES;
				IPHONEOS_DEPLOYMENT_TARGET = 12.4;
				MTL_ENABLE_DEBUG_INFO = NO;
				MTL_FAST_MATH = YES;
				SDKROOT = iphoneos;
				SWIFT_COMPILATION_MODE = wholemodule;
				SWIFT_OPTIMIZATION_LEVEL = "-O";
				VALIDATE_PRODUCT = YES;
			};
			name = Release;
		};
		7BF9E8B62314A6A600F441E7 /* Debug */ = {
			isa = XCBuildConfiguration;
			baseConfigurationReference = FD293FD2EEC910AF0CC1ACCB /* Pods-MiAguilaPrueba.debug.xcconfig */;
			buildSettings = {
				ASSETCATALOG_COMPILER_APPICON_NAME = AppIcon;
				CODE_SIGN_STYLE = Automatic;
				INFOPLIST_FILE = MiAguilaPrueba/Info.plist;
				IPHONEOS_DEPLOYMENT_TARGET = 11.0;
				LD_RUNPATH_SEARCH_PATHS = (
					"$(inherited)",
					"@executable_path/Frameworks",
				);
				PRODUCT_BUNDLE_IDENTIFIER = com.juanparra.MiAguilaPrueba;
				PRODUCT_NAME = "$(TARGET_NAME)";
				SWIFT_VERSION = 5.0;
				TARGETED_DEVICE_FAMILY = "1,2";
			};
			name = Debug;
		};
		7BF9E8B72314A6A600F441E7 /* Release */ = {
			isa = XCBuildConfiguration;
			baseConfigurationReference = 750F56903C43BD6063A76899 /* Pods-MiAguilaPrueba.release.xcconfig */;
			buildSettings = {
				ASSETCATALOG_COMPILER_APPICON_NAME = AppIcon;
				CODE_SIGN_STYLE = Automatic;
				INFOPLIST_FILE = MiAguilaPrueba/Info.plist;
				IPHONEOS_DEPLOYMENT_TARGET = 11.0;
				LD_RUNPATH_SEARCH_PATHS = (
					"$(inherited)",
					"@executable_path/Frameworks",
				);
				PRODUCT_BUNDLE_IDENTIFIER = com.juanparra.MiAguilaPrueba;
				PRODUCT_NAME = "$(TARGET_NAME)";
				SWIFT_VERSION = 5.0;
				TARGETED_DEVICE_FAMILY = "1,2";
			};
			name = Release;
		};
/* End XCBuildConfiguration section */

/* Begin XCConfigurationList section */
		7BF9E89E2314A6A400F441E7 /* Build configuration list for PBXProject "MiAguilaPrueba" */ = {
			isa = XCConfigurationList;
			buildConfigurations = (
				7BF9E8B32314A6A600F441E7 /* Debug */,
				7BF9E8B42314A6A600F441E7 /* Release */,
			);
			defaultConfigurationIsVisible = 0;
			defaultConfigurationName = Release;
		};
		7BF9E8B52314A6A600F441E7 /* Build configuration list for PBXNativeTarget "MiAguilaPrueba" */ = {
			isa = XCConfigurationList;
			buildConfigurations = (
				7BF9E8B62314A6A600F441E7 /* Debug */,
				7BF9E8B72314A6A600F441E7 /* Release */,
			);
			defaultConfigurationIsVisible = 0;
			defaultConfigurationName = Release;
		};
/* End XCConfigurationList section */
	};
	rootObject = 7BF9E89B2314A6A400F441E7 /* Project object */;
}
